<?xml version="1.0" encoding="utf-8"?>
<Project ToolsVersion="4.0" xmlns="http://schemas.microsoft.com/developer/msbuild/2003">
  <ItemGroup>
    <Filter Include="Исходные файлы">
      <UniqueIdentifier>{4FC737F1-C7A5-4376-A066-2A32D752A2FF}</UniqueIdentifier>
      <Extensions>cpp;c;cc;cxx;c++;cppm;ixx;def;odl;idl;hpj;bat;asm;asmx</Extensions>
    </Filter>
    <Filter Include="Файлы заголовков">
      <UniqueIdentifier>{93995380-89BD-4b04-88EB-625FBE52EBFB}</UniqueIdentifier>
      <Extensions>h;hh;hpp;hxx;h++;hm;inl;inc;ipp;xsd</Extensions>
    </Filter>
    <Filter Include="Файлы ресурсов">
      <UniqueIdentifier>{67DA6AB6-F800-4c08-8B7A-83BB121AAD01}</UniqueIdentifier>
      <Extensions>rc;ico;cur;bmp;dlg;rc2;rct;bin;rgs;gif;jpg;jpeg;jpe;resx;tiff;tif;png;wav;mfcribbon-ms</Extensions>
    </Filter>
    <Filter Include="Исходные файлы\Functions">
      <UniqueIdentifier>{718b4266-b37c-4f37-a5b0-e45daab0ef5a}</UniqueIdentifier>
    </Filter>
    <Filter Include="Исходные файлы\Inventories">
      <UniqueIdentifier>{b9f3fe4c-9feb-4eef-a5bf-8b536834c5cf}</UniqueIdentifier>
    </Filter>
    <Filter Include="Файлы заголовков\Inventories">
      <UniqueIdentifier>{a87bd017-d5ae-477c-928f-01b64b161127}</UniqueIdentifier>
    </Filter>
    <Filter Include="Файлы заголовков\Sprites">
      <UniqueIdentifier>{14464f21-4d0d-4eac-b134-7f1fb2c99eda}</UniqueIdentifier>
    </Filter>
    <Filter Include="Исходные файлы\Sprites">
      <UniqueIdentifier>{79a900e3-1d5b-45bf-877d-5e159dc0f4b7}</UniqueIdentifier>
    </Filter>
    <Filter Include="Файлы заголовков\Functions">
      <UniqueIdentifier>{b330a75a-b0dc-461c-9480-5c8f5012fa0a}</UniqueIdentifier>
    </Filter>
    <Filter Include="Файлы заголовков\Sprites\InventoryObject">
      <UniqueIdentifier>{dd98de04-58bb-47c3-b1f4-95f0e110ff8b}</UniqueIdentifier>
    </Filter>
    <Filter Include="Исходные файлы\Inventories\EnergyInventories">
      <UniqueIdentifier>{36296919-60d5-4a33-a41e-ae94db471d66}</UniqueIdentifier>
    </Filter>
    <Filter Include="Файлы заголовков\Inventories\EnergyInventories">
      <UniqueIdentifier>{1d1caf1a-bd30-4dc4-bb9d-bc5d9212465d}</UniqueIdentifier>
    </Filter>
    <Filter Include="Исходные файлы\Inventories\ProgressInventories">
      <UniqueIdentifier>{d4be3575-0286-495a-b797-11b6fa0cff48}</UniqueIdentifier>
    </Filter>
    <Filter Include="Исходные файлы\Inventories\ProgressInventories\OvenInventories">
      <UniqueIdentifier>{a6dc6331-3a20-4879-8394-f66bd0327235}</UniqueIdentifier>
    </Filter>
    <Filter Include="Файлы заголовков\Inventories\ProgressInventories">
      <UniqueIdentifier>{9c47c727-c151-42fd-b0e9-48f5499ff4b9}</UniqueIdentifier>
    </Filter>
    <Filter Include="Файлы заголовков\Inventories\ProgressInventories\OvenInventories">
      <UniqueIdentifier>{579a1259-c78e-4d6e-b27e-143a07ddac37}</UniqueIdentifier>
    </Filter>
    <Filter Include="Файлы заголовков\Functions\Buttons">
      <UniqueIdentifier>{c2173df4-9d8a-4b43-8982-486f20858450}</UniqueIdentifier>
    </Filter>
  </ItemGroup>
  <ItemGroup>
    <ClCompile Include="Insdustrial.cpp">
      <Filter>Исходные файлы</Filter>
    </ClCompile>
    <ClCompile Include="Game.cpp">
      <Filter>Исходные файлы</Filter>
    </ClCompile>
    <ClCompile Include="Functions\Functions.cpp">
      <Filter>Исходные файлы\Functions</Filter>
    </ClCompile>
    <ClCompile Include="Functions\Checks.cpp">
      <Filter>Исходные файлы\Functions</Filter>
    </ClCompile>
    <ClCompile Include="Functions\OldButton.cpp">
      <Filter>Исходные файлы\Functions</Filter>
    </ClCompile>
    <ClCompile Include="WorkbenchInventory.cpp">
      <Filter>Исходные файлы\Inventories</Filter>
    </ClCompile>
    <ClCompile Include="ChestInventory.cpp">
      <Filter>Исходные файлы\Inventories</Filter>
    </ClCompile>
    <ClCompile Include="Inventory.cpp">
      <Filter>Исходные файлы\Inventories</Filter>
    </ClCompile>
    <ClCompile Include="Player.cpp">
      <Filter>Исходные файлы\Sprites</Filter>
    </ClCompile>
    <ClCompile Include="CellInInventory.cpp">
      <Filter>Исходные файлы\Inventories</Filter>
    </ClCompile>
    <ClCompile Include="CoalOvenInventory.cpp">
      <Filter>Исходные файлы\Inventories\ProgressInventories\OvenInventories</Filter>
    </ClCompile>
    <ClCompile Include="ElectricOvenInventory.cpp">
      <Filter>Исходные файлы\Inventories\ProgressInventories\OvenInventories</Filter>
    </ClCompile>
    <ClCompile Include="Item.cpp">
      <Filter>Исходные файлы</Filter>
    </ClCompile>
    <ClCompile Include="EnergyStorageInventory.cpp">
      <Filter>Исходные файлы\Inventories\EnergyInventories</Filter>
    </ClCompile>
    <ClCompile Include="EnergyHandGeneratorInventory.cpp">
      <Filter>Исходные файлы\Inventories\EnergyInventories</Filter>
    </ClCompile>
    <ClCompile Include="EnergyCoalGeneratorInventory.cpp">
      <Filter>Исходные файлы\Inventories\EnergyInventories</Filter>
    </ClCompile>
    <ClCompile Include="StaticSprites.cpp">
      <Filter>Исходные файлы</Filter>
    </ClCompile>
    <ClCompile Include="CrusherInventory.cpp">
      <Filter>Исходные файлы\Inventories\ProgressInventories</Filter>
    </ClCompile>
    <ClCompile Include="ProgressInventory.cpp">
      <Filter>Исходные файлы\Inventories\ProgressInventories</Filter>
    </ClCompile>
    <ClCompile Include="CompressorInventory.cpp">
      <Filter>Исходные файлы\Inventories\ProgressInventories</Filter>
    </ClCompile>
    <ClCompile Include="WireInventory.cpp">
      <Filter>Исходные файлы\Inventories\EnergyInventories</Filter>
    </ClCompile>
    <ClCompile Include="EnergyObjectInventory.cpp">
      <Filter>Исходные файлы\Inventories\EnergyInventories</Filter>
    </ClCompile>
    <ClCompile Include="AllInventory.cpp">
      <Filter>Исходные файлы\Inventories</Filter>
    </ClCompile>
    <ClCompile Include="Field.cpp">
      <Filter>Исходные файлы</Filter>
    </ClCompile>
    <ClCompile Include="Assets.cpp">
      <Filter>Исходные файлы</Filter>
    </ClCompile>
    <ClCompile Include="MineInventory.cpp">
      <Filter>Исходные файлы\Inventories\EnergyInventories</Filter>
    </ClCompile>
  </ItemGroup>
  <ItemGroup>
    <ClInclude Include="Game.h">
      <Filter>Файлы заголовков</Filter>
    </ClInclude>
    <ClInclude Include="Field.h">
      <Filter>Файлы заголовков</Filter>
    </ClInclude>
    <ClInclude Include="StaticSprites.h">
      <Filter>Файлы заголовков</Filter>
    </ClInclude>
    <ClInclude Include="Functions\Functions.h">
      <Filter>Файлы заголовков\Functions</Filter>
    </ClInclude>
    <ClInclude Include="Functions\Checks.h">
      <Filter>Файлы заголовков\Functions</Filter>
    </ClInclude>
    <ClInclude Include="Functions\OldButton.h">
      <Filter>Файлы заголовков\Functions</Filter>
    </ClInclude>
    <ClInclude Include="ChestInventory.h">
      <Filter>Файлы заголовков\Inventories</Filter>
    </ClInclude>
    <ClInclude Include="ObjectInventory.h">
      <Filter>Файлы заголовков\Inventories</Filter>
    </ClInclude>
    <ClInclude Include="Inventory.h">
      <Filter>Файлы заголовков\Inventories</Filter>
    </ClInclude>
    <ClInclude Include="WorkbenchInventory.h">
      <Filter>Файлы заголовков\Inventories</Filter>
    </ClInclude>
    <ClInclude Include="Player.h">
      <Filter>Файлы заголовков\Sprites</Filter>
    </ClInclude>
    <ClInclude Include="Sprite.h">
      <Filter>Файлы заголовков\Sprites</Filter>
    </ClInclude>
    <ClInclude Include="CellInInventory.h">
      <Filter>Файлы заголовков\Inventories</Filter>
    </ClInclude>
    <ClInclude Include="CoalOvenInventory.h">
      <Filter>Файлы заголовков\Inventories\ProgressInventories\OvenInventories</Filter>
    </ClInclude>
    <ClInclude Include="ElectricOvenInventory.h">
      <Filter>Файлы заголовков\Inventories\ProgressInventories\OvenInventories</Filter>
    </ClInclude>
    <ClInclude Include="Item.h">
      <Filter>Файлы заголовков</Filter>
    </ClInclude>
    <ClInclude Include="StaingObject.h">
      <Filter>Файлы заголовков\Sprites\InventoryObject</Filter>
    </ClInclude>
    <ClInclude Include="EnergyStorageInventory.h">
      <Filter>Файлы заголовков\Inventories\EnergyInventories</Filter>
    </ClInclude>
    <ClInclude Include="EnergyHandGeneratorInventory.h">
      <Filter>Файлы заголовков\Inventories\EnergyInventories</Filter>
    </ClInclude>
    <ClInclude Include="EnergyCoalGeneratorInventory.h">
      <Filter>Файлы заголовков\Inventories\EnergyInventories</Filter>
    </ClInclude>
    <ClInclude Include="EnergyObjectInventory.h">
      <Filter>Файлы заголовков\Inventories\EnergyInventories</Filter>
    </ClInclude>
    <ClInclude Include="CrusherInventory.h">
      <Filter>Файлы заголовков\Inventories\ProgressInventories</Filter>
    </ClInclude>
    <ClInclude Include="ProgressInventory.h">
      <Filter>Файлы заголовков\Inventories\ProgressInventories</Filter>
    </ClInclude>
    <ClInclude Include="CompressorInventory.h">
      <Filter>Файлы заголовков\Inventories\ProgressInventories</Filter>
    </ClInclude>
    <ClInclude Include="WireInventory.h">
      <Filter>Файлы заголовков\Inventories\EnergyInventories</Filter>
    </ClInclude>
    <ClInclude Include="Object.h">
      <Filter>Файлы заголовков\Sprites\InventoryObject</Filter>
    </ClInclude>
    <ClInclude Include="EnergyObject.h">
      <Filter>Файлы заголовков\Sprites\InventoryObject</Filter>
    </ClInclude>
    <ClInclude Include="AllInventory.h">
      <Filter>Файлы заголовков\Inventories</Filter>
    </ClInclude>
    <ClInclude Include="IStaingObject.h">
      <Filter>Файлы заголовков\Sprites\InventoryObject</Filter>
    </ClInclude>
    <ClInclude Include="IEnergyObject.h">
      <Filter>Файлы заголовков\Sprites\InventoryObject</Filter>
    </ClInclude>
    <ClInclude Include="Functions\BaseButton.h">
      <Filter>Файлы заголовков\Functions\Buttons</Filter>
    </ClInclude>
    <ClInclude Include="Functions\Button.h">
      <Filter>Файлы заголовков\Functions\Buttons</Filter>
    </ClInclude>
    <ClInclude Include="Functions\ImageButton.h">
      <Filter>Файлы заголовков\Functions\Buttons</Filter>
    </ClInclude>
    <ClInclude Include="Functions\TextButton.h">
      <Filter>Файлы заголовков\Functions\Buttons</Filter>
    </ClInclude>
    <ClInclude Include="Assets.h">
      <Filter>Файлы заголовков</Filter>
    </ClInclude>
    <ClInclude Include="MineInventory.h">
      <Filter>Файлы заголовков\Inventories\EnergyInventories</Filter>
    </ClInclude>
    <ClInclude Include="GamePlayUpdatable.h">
      <Filter>Файлы заголовков</Filter>
    </ClInclude>
    <ClInclude Include="IPlayUpdatable.h">
      <Filter>Файлы заголовков</Filter>
    </ClInclude>
    <ClInclude Include="TransferObject.h">
      <Filter>Файлы заголовков\Inventories</Filter>
    </ClInclude>
  </ItemGroup>
  <ItemGroup>
    <None Include="packages.config" />
  </ItemGroup>
</Project>